// !$*UTF8*$!
{
	archiveVersion = 1;
	classes = {
	};
	objectVersion = 46;
	objects = {

/* Begin PBXBuildFile section */
		3DDB71361B833D9200C5C4FD /* QBLogger.m in Sources */ = {isa = PBXBuildFile; fileRef = 3DDB71351B833D9200C5C4FD /* QBLogger.m */; };
		3DEC5D371B81D1C200ED7E38 /* main.m in Sources */ = {isa = PBXBuildFile; fileRef = 3DEC5D361B81D1C200ED7E38 /* main.m */; };
		3DEC5D3A1B81D1C300ED7E38 /* AppDelegate.m in Sources */ = {isa = PBXBuildFile; fileRef = 3DEC5D391B81D1C300ED7E38 /* AppDelegate.m */; };
		3DEC5D3D1B81D1C300ED7E38 /* ViewController.m in Sources */ = {isa = PBXBuildFile; fileRef = 3DEC5D3C1B81D1C300ED7E38 /* ViewController.m */; };
		3DEC5D401B81D1C300ED7E38 /* Main.storyboard in Resources */ = {isa = PBXBuildFile; fileRef = 3DEC5D3E1B81D1C300ED7E38 /* Main.storyboard */; };
		3DEC5D421B81D1C300ED7E38 /* Images.xcassets in Resources */ = {isa = PBXBuildFile; fileRef = 3DEC5D411B81D1C300ED7E38 /* Images.xcassets */; };
		3DEC5D451B81D1C300ED7E38 /* LaunchScreen.xib in Resources */ = {isa = PBXBuildFile; fileRef = 3DEC5D431B81D1C300ED7E38 /* LaunchScreen.xib */; };
		3DEC5D511B81D1C300ED7E38 /* QBLogTests.m in Sources */ = {isa = PBXBuildFile; fileRef = 3DEC5D501B81D1C300ED7E38 /* QBLogTests.m */; };
		3DEC5D5D1B81D1E700ED7E38 /* QBLogService.m in Sources */ = {isa = PBXBuildFile; fileRef = 3DEC5D5B1B81D1E700ED7E38 /* QBLogService.m */; };
/* End PBXBuildFile section */

/* Begin PBXContainerItemProxy section */
		3DEC5D4B1B81D1C300ED7E38 /* PBXContainerItemProxy */ = {
			isa = PBXContainerItemProxy;
			containerPortal = 3DEC5D291B81D1C200ED7E38 /* Project object */;
			proxyType = 1;
			remoteGlobalIDString = 3DEC5D301B81D1C200ED7E38;
			remoteInfo = QBLog;
		};
/* End PBXContainerItemProxy section */

/* Begin PBXFileReference section */
		3DDB71341B833D9200C5C4FD /* QBLogger.h */ = {isa = PBXFileReference; fileEncoding = 4; lastKnownFileType = sourcecode.c.h; path = QBLogger.h; sourceTree = "<group>"; };
		3DDB71351B833D9200C5C4FD /* QBLogger.m */ = {isa = PBXFileReference; fileEncoding = 4; lastKnownFileType = sourcecode.c.objc; path = QBLogger.m; sourceTree = "<group>"; };
		3DEC5D311B81D1C200ED7E38 /* QBLog.app */ = {isa = PBXFileReference; explicitFileType = wrapper.application; includeInIndex = 0; path = QBLog.app; sourceTree = BUILT_PRODUCTS_DIR; };
		3DEC5D351B81D1C200ED7E38 /* Info.plist */ = {isa = PBXFileReference; lastKnownFileType = text.plist.xml; path = Info.plist; sourceTree = "<group>"; };
		3DEC5D361B81D1C200ED7E38 /* main.m */ = {isa = PBXFileReference; lastKnownFileType = sourcecode.c.objc; path = main.m; sourceTree = "<group>"; };
		3DEC5D381B81D1C200ED7E38 /* AppDelegate.h */ = {isa = PBXFileReference; lastKnownFileType = sourcecode.c.h; path = AppDelegate.h; sourceTree = "<group>"; };
		3DEC5D391B81D1C300ED7E38 /* AppDelegate.m */ = {isa = PBXFileReference; lastKnownFileType = sourcecode.c.objc; path = AppDelegate.m; sourceTree = "<group>"; };
		3DEC5D3B1B81D1C300ED7E38 /* ViewController.h */ = {isa = PBXFileReference; lastKnownFileType = sourcecode.c.h; path = ViewController.h; sourceTree = "<group>"; };
		3DEC5D3C1B81D1C300ED7E38 /* ViewController.m */ = {isa = PBXFileReference; lastKnownFileType = sourcecode.c.objc; path = ViewController.m; sourceTree = "<group>"; };
		3DEC5D3F1B81D1C300ED7E38 /* Base */ = {isa = PBXFileReference; lastKnownFileType = file.storyboard; name = Base; path = Base.lproj/Main.storyboard; sourceTree = "<group>"; };
		3DEC5D411B81D1C300ED7E38 /* Images.xcassets */ = {isa = PBXFileReference; lastKnownFileType = folder.assetcatalog; path = Images.xcassets; sourceTree = "<group>"; };
		3DEC5D441B81D1C300ED7E38 /* Base */ = {isa = PBXFileReference; lastKnownFileType = file.xib; name = Base; path = Base.lproj/LaunchScreen.xib; sourceTree = "<group>"; };
		3DEC5D4A1B81D1C300ED7E38 /* QBLogTests.xctest */ = {isa = PBXFileReference; explicitFileType = wrapper.cfbundle; includeInIndex = 0; path = QBLogTests.xctest; sourceTree = BUILT_PRODUCTS_DIR; };
		3DEC5D4F1B81D1C300ED7E38 /* Info.plist */ = {isa = PBXFileReference; lastKnownFileType = text.plist.xml; path = Info.plist; sourceTree = "<group>"; };
		3DEC5D501B81D1C300ED7E38 /* QBLogTests.m */ = {isa = PBXFileReference; lastKnownFileType = sourcecode.c.objc; path = QBLogTests.m; sourceTree = "<group>"; };
		3DEC5D5A1B81D1E700ED7E38 /* QBLogService.h */ = {isa = PBXFileReference; fileEncoding = 4; lastKnownFileType = sourcecode.c.h; path = QBLogService.h; sourceTree = "<group>"; };
		3DEC5D5B1B81D1E700ED7E38 /* QBLogService.m */ = {isa = PBXFileReference; fileEncoding = 4; lastKnownFileType = sourcecode.c.objc; path = QBLogService.m; sourceTree = "<group>"; };
/* End PBXFileReference section */

/* Begin PBXFrameworksBuildPhase section */
		3DEC5D2E1B81D1C200ED7E38 /* Frameworks */ = {
			isa = PBXFrameworksBuildPhase;
			buildActionMask = 2147483647;
			files = (
			);
			runOnlyForDeploymentPostprocessing = 0;
		};
		3DEC5D471B81D1C300ED7E38 /* Frameworks */ = {
			isa = PBXFrameworksBuildPhase;
			buildActionMask = 2147483647;
			files = (
			);
			runOnlyForDeploymentPostprocessing = 0;
		};
/* End PBXFrameworksBuildPhase section */

/* Begin PBXGroup section */
		3DE11EBC1B8B076A005D8172 /* QBLog */ = {
			isa = PBXGroup;
			children = (
				3DDB71341B833D9200C5C4FD /* QBLogger.h */,
				3DDB71351B833D9200C5C4FD /* QBLogger.m */,
				3DEC5D5A1B81D1E700ED7E38 /* QBLogService.h */,
				3DEC5D5B1B81D1E700ED7E38 /* QBLogService.m */,
			);
			name = QBLog;
			sourceTree = "<group>";
		};
		3DEC5D281B81D1C200ED7E38 = {
			isa = PBXGroup;
			children = (
				3DEC5D331B81D1C200ED7E38 /* QBLog */,
				3DEC5D4D1B81D1C300ED7E38 /* QBLogTests */,
				3DEC5D321B81D1C200ED7E38 /* Products */,
			);
			sourceTree = "<group>";
		};
		3DEC5D321B81D1C200ED7E38 /* Products */ = {
			isa = PBXGroup;
			children = (
				3DEC5D311B81D1C200ED7E38 /* QBLog.app */,
				3DEC5D4A1B81D1C300ED7E38 /* QBLogTests.xctest */,
			);
			name = Products;
			sourceTree = "<group>";
		};
		3DEC5D331B81D1C200ED7E38 /* QBLog */ = {
			isa = PBXGroup;
			children = (
				3DE11EBC1B8B076A005D8172 /* QBLog */,
				3DEC5D381B81D1C200ED7E38 /* AppDelegate.h */,
				3DEC5D391B81D1C300ED7E38 /* AppDelegate.m */,
				3DEC5D3B1B81D1C300ED7E38 /* ViewController.h */,
				3DEC5D3C1B81D1C300ED7E38 /* ViewController.m */,
				3DEC5D3E1B81D1C300ED7E38 /* Main.storyboard */,
				3DEC5D411B81D1C300ED7E38 /* Images.xcassets */,
				3DEC5D431B81D1C300ED7E38 /* LaunchScreen.xib */,
				3DEC5D341B81D1C200ED7E38 /* Supporting Files */,
			);
			path = QBLog;
			sourceTree = "<group>";
		};
		3DEC5D341B81D1C200ED7E38 /* Supporting Files */ = {
			isa = PBXGroup;
			children = (
				3DEC5D351B81D1C200ED7E38 /* Info.plist */,
				3DEC5D361B81D1C200ED7E38 /* main.m */,
			);
			name = "Supporting Files";
			sourceTree = "<group>";
		};
		3DEC5D4D1B81D1C300ED7E38 /* QBLogTests */ = {
			isa = PBXGroup;
			children = (
				3DEC5D501B81D1C300ED7E38 /* QBLogTests.m */,
				3DEC5D4E1B81D1C300ED7E38 /* Supporting Files */,
			);
			path = QBLogTests;
			sourceTree = "<group>";
		};
		3DEC5D4E1B81D1C300ED7E38 /* Supporting Files */ = {
			isa = PBXGroup;
			children = (
				3DEC5D4F1B81D1C300ED7E38 /* Info.plist */,
			);
			name = "Supporting Files";
			sourceTree = "<group>";
		};
/* End PBXGroup section */

/* Begin PBXNativeTarget section */
		3DEC5D301B81D1C200ED7E38 /* QBLog */ = {
			isa = PBXNativeTarget;
			buildConfigurationList = 3DEC5D541B81D1C300ED7E38 /* Build configuration list for PBXNativeTarget "QBLog" */;
			buildPhases = (
				3DEC5D2D1B81D1C200ED7E38 /* Sources */,
				3DEC5D2E1B81D1C200ED7E38 /* Frameworks */,
				3DEC5D2F1B81D1C200ED7E38 /* Resources */,
			);
			buildRules = (
			);
			dependencies = (
			);
			name = QBLog;
			productName = QBLog;
			productReference = 3DEC5D311B81D1C200ED7E38 /* QBLog.app */;
			productType = "com.apple.product-type.application";
		};
		3DEC5D491B81D1C300ED7E38 /* QBLogTests */ = {
			isa = PBXNativeTarget;
			buildConfigurationList = 3DEC5D571B81D1C300ED7E38 /* Build configuration list for PBXNativeTarget "QBLogTests" */;
			buildPhases = (
				3DEC5D461B81D1C300ED7E38 /* Sources */,
				3DEC5D471B81D1C300ED7E38 /* Frameworks */,
				3DEC5D481B81D1C300ED7E38 /* Resources */,
			);
			buildRules = (
			);
			dependencies = (
				3DEC5D4C1B81D1C300ED7E38 /* PBXTargetDependency */,
			);
			name = QBLogTests;
			productName = QBLogTests;
			productReference = 3DEC5D4A1B81D1C300ED7E38 /* QBLogTests.xctest */;
			productType = "com.apple.product-type.bundle.unit-test";
		};
/* End PBXNativeTarget section */

/* Begin PBXProject section */
		3DEC5D291B81D1C200ED7E38 /* Project object */ = {
			isa = PBXProject;
			attributes = {
				LastUpgradeCheck = 0620;
				ORGANIZATIONNAME = qburst;
				TargetAttributes = {
					3DEC5D301B81D1C200ED7E38 = {
						CreatedOnToolsVersion = 6.2;
					};
					3DEC5D491B81D1C300ED7E38 = {
						CreatedOnToolsVersion = 6.2;
						TestTargetID = 3DEC5D301B81D1C200ED7E38;
					};
				};
			};
			buildConfigurationList = 3DEC5D2C1B81D1C200ED7E38 /* Build configuration list for PBXProject "QBLog" */;
			compatibilityVersion = "Xcode 3.2";
			developmentRegion = English;
			hasScannedForEncodings = 0;
			knownRegions = (
				en,
				Base,
			);
			mainGroup = 3DEC5D281B81D1C200ED7E38;
			productRefGroup = 3DEC5D321B81D1C200ED7E38 /* Products */;
			projectDirPath = "";
			projectRoot = "";
			targets = (
				3DEC5D301B81D1C200ED7E38 /* QBLog */,
				3DEC5D491B81D1C300ED7E38 /* QBLogTests */,
			);
		};
/* End PBXProject section */

/* Begin PBXResourcesBuildPhase section */
		3DEC5D2F1B81D1C200ED7E38 /* Resources */ = {
			isa = PBXResourcesBuildPhase;
			buildActionMask = 2147483647;
			files = (
				3DEC5D401B81D1C300ED7E38 /* Main.storyboard in Resources */,
				3DEC5D451B81D1C300ED7E38 /* LaunchScreen.xib in Resources */,
				3DEC5D421B81D1C300ED7E38 /* Images.xcassets in Resources */,
			);
			runOnlyForDeploymentPostprocessing = 0;
		};
		3DEC5D481B81D1C300ED7E38 /* Resources */ = {
			isa = PBXResourcesBuildPhase;
			buildActionMask = 2147483647;
			files = (
			);
			runOnlyForDeploymentPostprocessing = 0;
		};
/* End PBXResourcesBuildPhase section */

/* Begin PBXSourcesBuildPhase section */
		3DEC5D2D1B81D1C200ED7E38 /* Sources */ = {
			isa = PBXSourcesBuildPhase;
			buildActionMask = 2147483647;
			files = (
				3DEC5D3D1B81D1C300ED7E38 /* ViewController.m in Sources */,
				3DEC5D3A1B81D1C300ED7E38 /* AppDelegate.m in Sources */,
				3DEC5D5D1B81D1E700ED7E38 /* QBLogService.m in Sources */,
				3DDB71361B833D9200C5C4FD /* QBLogger.m in Sources */,
				3DEC5D371B81D1C200ED7E38 /* main.m in Sources */,
			);
			runOnlyForDeploymentPostprocessing = 0;
		};
		3DEC5D461B81D1C300ED7E38 /* Sources */ = {
			isa = PBXSourcesBuildPhase;
			buildActionMask = 2147483647;
			files = (
				3DEC5D511B81D1C300ED7E38 /* QBLogTests.m in Sources */,
			);
			runOnlyForDeploymentPostprocessing = 0;
		};
/* End PBXSourcesBuildPhase section */

/* Begin PBXTargetDependency section */
		3DEC5D4C1B81D1C300ED7E38 /* PBXTargetDependency */ = {
			isa = PBXTargetDependency;
			target = 3DEC5D301B81D1C200ED7E38 /* QBLog */;
			targetProxy = 3DEC5D4B1B81D1C300ED7E38 /* PBXContainerItemProxy */;
		};
/* End PBXTargetDependency section */

/* Begin PBXVariantGroup section */
		3DEC5D3E1B81D1C300ED7E38 /* Main.storyboard */ = {
			isa = PBXVariantGroup;
			children = (
				3DEC5D3F1B81D1C300ED7E38 /* Base */,
			);
			name = Main.storyboard;
			sourceTree = "<group>";
		};
		3DEC5D431B81D1C300ED7E38 /* LaunchScreen.xib */ = {
			isa = PBXVariantGroup;
			children = (
				3DEC5D441B81D1C300ED7E38 /* Base */,
			);
			name = LaunchScreen.xib;
			sourceTree = "<group>";
		};
/* End PBXVariantGroup section */

/* Begin XCBuildConfiguration section */
		3DEC5D521B81D1C300ED7E38 /* Debug */ = {
			isa = XCBuildConfiguration;
			buildSettings = {
				ALWAYS_SEARCH_USER_PATHS = NO;
				CLANG_CXX_LANGUAGE_STANDARD = "gnu++0x";
				CLANG_CXX_LIBRARY = "libc++";
				CLANG_ENABLE_MODULES = YES;
				CLANG_ENABLE_OBJC_ARC = YES;
				CLANG_WARN_BOOL_CONVERSION = YES;
				CLANG_WARN_CONSTANT_CONVERSION = YES;
				CLANG_WARN_DIRECT_OBJC_ISA_USAGE = YES_ERROR;
				CLANG_WARN_EMPTY_BODY = YES;
				CLANG_WARN_ENUM_CONVERSION = YES;
				CLANG_WARN_INT_CONVERSION = YES;
				CLANG_WARN_OBJC_ROOT_CLASS = YES_ERROR;
				CLANG_WARN_UNREACHABLE_CODE = YES;
				CLANG_WARN__DUPLICATE_METHOD_MATCH = YES;
				"CODE_SIGN_IDENTITY[sdk=iphoneos*]" = "iPhone Developer";
				COPY_PHASE_STRIP = NO;
				ENABLE_STRICT_OBJC_MSGSEND = YES;
				GCC_C_LANGUAGE_STANDARD = gnu99;
				GCC_DYNAMIC_NO_PIC = NO;
				GCC_OPTIMIZATION_LEVEL = 0;
				GCC_PREPROCESSOR_DEFINITIONS = (
					"DEBUG=1",
					"$(inherited)",
				);
				GCC_SYMBOLS_PRIVATE_EXTERN = NO;
				GCC_WARN_64_TO_32_BIT_CONVERSION = YES;
				GCC_WARN_ABOUT_RETURN_TYPE = YES_ERROR;
				GCC_WARN_UNDECLARED_SELECTOR = YES;
				GCC_WARN_UNINITIALIZED_AUTOS = YES_AGGRESSIVE;
				GCC_WARN_UNUSED_FUNCTION = YES;
				GCC_WARN_UNUSED_VARIABLE = YES;
				IPHONEOS_DEPLOYMENT_TARGET = 8.2;
				MTL_ENABLE_DEBUG_INFO = YES;
				ONLY_ACTIVE_ARCH = YES;
				SDKROOT = iphoneos;
			};
			name = Debug;
		};
		3DEC5D531B81D1C300ED7E38 /* Release */ = {
			isa = XCBuildConfiguration;
			buildSettings = {
				ALWAYS_SEARCH_USER_PATHS = NO;
				CLANG_CXX_LANGUAGE_STANDARD = "gnu++0x";
				CLANG_CXX_LIBRARY = "libc++";
				CLANG_ENABLE_MODULES = YES;
				CLANG_ENABLE_OBJC_ARC = YES;
				CLANG_WARN_BOOL_CONVERSION = YES;
				CLANG_WARN_CONSTANT_CONVERSION = YES;
				CLANG_WARN_DIRECT_OBJC_ISA_USAGE = YES_ERROR;
				CLANG_WARN_EMPTY_BODY = YES;
				CLANG_WARN_ENUM_CONVERSION = YES;
				CLANG_WARN_INT_CONVERSION = YES;
				CLANG_WARN_OBJC_ROOT_CLASS = YES_ERROR;
				CLANG_WARN_UNREACHABLE_CODE = YES;
				CLANG_WARN__DUPLICATE_METHOD_MATCH = YES;
				"CODE_SIGN_IDENTITY[sdk=iphoneos*]" = "iPhone Developer";
				COPY_PHASE_STRIP = NO;
				ENABLE_NS_ASSERTIONS = NO;
				ENABLE_STRICT_OBJC_MSGSEND = YES;
				GCC_C_LANGUAGE_STANDARD = gnu99;
				GCC_WARN_64_TO_32_BIT_CONVERSION = YES;
				GCC_WARN_ABOUT_RETURN_TYPE = YES_ERROR;
				GCC_WARN_UNDECLARED_SELECTOR = YES;
				GCC_WARN_UNINITIALIZED_AUTOS = YES_AGGRESSIVE;
				GCC_WARN_UNUSED_FUNCTION = YES;
				GCC_WARN_UNUSED_VARIABLE = YES;
				IPHONEOS_DEPLOYMENT_TARGET = 8.2;
				MTL_ENABLE_DEBUG_INFO = NO;
				SDKROOT = iphoneos;
				VALIDATE_PRODUCT = YES;
			};
			name = Release;
		};
		3DEC5D551B81D1C300ED7E38 /* Debug */ = {
			isa = XCBuildConfiguration;
			buildSettings = {
				ASSETCATALOG_COMPILER_APPICON_NAME = AppIcon;
				INFOPLIST_FILE = QBLog/Info.plist;
				LD_RUNPATH_SEARCH_PATHS = "$(inherited) @executable_path/Frameworks";
				PRODUCT_NAME = "$(TARGET_NAME)";
			};
			name = Debug;
		};
		3DEC5D561B81D1C300ED7E38 /* Release */ = {
			isa = XCBuildConfiguration;
			buildSettings = {
				ASSETCATALOG_COMPILER_APPICON_NAME = AppIcon;
				INFOPLIST_FILE = QBLog/Info.plist;
				LD_RUNPATH_SEARCH_PATHS = "$(inherited) @executable_path/Frameworks";
				PRODUCT_NAME = "$(TARGET_NAME)";
			};
			name = Release;
		};
		3DEC5D581B81D1C300ED7E38 /* Debug */ = {
			isa = XCBuildConfiguration;
			buildSettings = {
				BUNDLE_LOADER = "$(TEST_HOST)";
				FRAMEWORK_SEARCH_PATHS = (
					"$(SDKROOT)/Developer/Library/Frameworks",
					"$(inherited)",
				);
				GCC_PREPROCESSOR_DEFINITIONS = (
					"DEBUG=1",
					"$(inherited)",
				);
				INFOPLIST_FILE = QBLogTests/Info.plist;
				LD_RUNPATH_SEARCH_PATHS = "$(inherited) @executable_path/Frameworks @loader_path/Frameworks";
				PRODUCT_NAME = "$(TARGET_NAME)";
				TEST_HOST = "$(BUILT_PRODUCTS_DIR)/QBLog.app/QBLog";
			};
			name = Debug;
		};
		3DEC5D591B81D1C300ED7E38 /* Release */ = {
			isa = XCBuildConfiguration;
			buildSettings = {
				BUNDLE_LOADER = "$(TEST_HOST)";
				FRAMEWORK_SEARCH_PATHS = (
					"$(SDKROOT)/Developer/Library/Frameworks",
					"$(inherited)",
				);
				INFOPLIST_FILE = QBLogTests/Info.plist;
				LD_RUNPATH_SEARCH_PATHS = "$(inherited) @executable_path/Frameworks @loader_path/Frameworks";
				PRODUCT_NAME = "$(TARGET_NAME)";
				TEST_HOST = "$(BUILT_PRODUCTS_DIR)/QBLog.app/QBLog";
			};
			name = Release;
		};
/* End XCBuildConfiguration section */

/* Begin XCConfigurationList section */
		3DEC5D2C1B81D1C200ED7E38 /* Build configuration list for PBXProject "QBLog" */ = {
			isa = XCConfigurationList;
			buildConfigurations = (
				3DEC5D521B81D1C300ED7E38 /* Debug */,
				3DEC5D531B81D1C300ED7E38 /* Release */,
			);
			defaultConfigurationIsVisible = 0;
			defaultConfigurationName = Release;
		};
		3DEC5D541B81D1C300ED7E38 /* Build configuration list for PBXNativeTarget "QBLog" */ = {
			isa = XCConfigurationList;
			buildConfigurations = (
				3DEC5D551B81D1C300ED7E38 /* Debug */,
				3DEC5D561B81D1C300ED7E38 /* Release */,
			);
			defaultConfigurationIsVisible = 0;
			defaultConfigurationName = Release;
		};
		3DEC5D571B81D1C300ED7E38 /* Build configuration list for PBXNativeTarget "QBLogTests" */ = {
			isa = XCConfigurationList;
			buildConfigurations = (
				3DEC5D581B81D1C300ED7E38 /* Debug */,
				3DEC5D591B81D1C300ED7E38 /* Release */,
			);
			defaultConfigurationIsVisible = 0;
			defaultConfigurationName = Release;
		};
/* End XCConfigurationList section */
	};
	rootObject = 3DEC5D291B81D1C200ED7E38 /* Project object */;
}
